// !$*UTF8*$!
{
	archiveVersion = 1;
	classes = {
	};
	objectVersion = 50;
	objects = {

/* Begin PBXBuildFile section */
		33680BC9244B4750005712BF /* AppDelegate.m in Sources */ = {isa = PBXBuildFile; fileRef = 33680BC8244B4750005712BF /* AppDelegate.m */; };
		33680BCC244B4750005712BF /* SceneDelegate.m in Sources */ = {isa = PBXBuildFile; fileRef = 33680BCB244B4750005712BF /* SceneDelegate.m */; };
		33680BCF244B4750005712BF /* MasterViewController.m in Sources */ = {isa = PBXBuildFile; fileRef = 33680BCE244B4750005712BF /* MasterViewController.m */; };
		33680BD2244B4750005712BF /* DetailViewController.m in Sources */ = {isa = PBXBuildFile; fileRef = 33680BD1244B4750005712BF /* DetailViewController.m */; };
		33680BD5244B4750005712BF /* Main.storyboard in Resources */ = {isa = PBXBuildFile; fileRef = 33680BD3244B4750005712BF /* Main.storyboard */; };
		33680BD7244B475A005712BF /* Assets.xcassets in Resources */ = {isa = PBXBuildFile; fileRef = 33680BD6244B475A005712BF /* Assets.xcassets */; };
		33680BDA244B475A005712BF /* LaunchScreen.storyboard in Resources */ = {isa = PBXBuildFile; fileRef = 33680BD8244B475A005712BF /* LaunchScreen.storyboard */; };
		33680BDD244B475A005712BF /* main.m in Sources */ = {isa = PBXBuildFile; fileRef = 33680BDC244B475A005712BF /* main.m */; };
		33680BE7244BA861005712BF /* School.m in Sources */ = {isa = PBXBuildFile; fileRef = 33680BE6244BA861005712BF /* School.m */; };
/* End PBXBuildFile section */

/* Begin PBXFileReference section */
		33680BC4244B4750005712BF /* NYCSchools.app */ = {isa = PBXFileReference; explicitFileType = wrapper.application; includeInIndex = 0; path = NYCSchools.app; sourceTree = BUILT_PRODUCTS_DIR; };
		33680BC7244B4750005712BF /* AppDelegate.h */ = {isa = PBXFileReference; lastKnownFileType = sourcecode.c.h; path = AppDelegate.h; sourceTree = "<group>"; };
		33680BC8244B4750005712BF /* AppDelegate.m */ = {isa = PBXFileReference; lastKnownFileType = sourcecode.c.objc; path = AppDelegate.m; sourceTree = "<group>"; };
		33680BCA244B4750005712BF /* SceneDelegate.h */ = {isa = PBXFileReference; lastKnownFileType = sourcecode.c.h; path = SceneDelegate.h; sourceTree = "<group>"; };
		33680BCB244B4750005712BF /* SceneDelegate.m */ = {isa = PBXFileReference; lastKnownFileType = sourcecode.c.objc; path = SceneDelegate.m; sourceTree = "<group>"; };
		33680BCD244B4750005712BF /* MasterViewController.h */ = {isa = PBXFileReference; lastKnownFileType = sourcecode.c.h; path = MasterViewController.h; sourceTree = "<group>"; };
		33680BCE244B4750005712BF /* MasterViewController.m */ = {isa = PBXFileReference; lastKnownFileType = sourcecode.c.objc; path = MasterViewController.m; sourceTree = "<group>"; };
		33680BD0244B4750005712BF /* DetailViewController.h */ = {isa = PBXFileReference; lastKnownFileType = sourcecode.c.h; path = DetailViewController.h; sourceTree = "<group>"; };
		33680BD1244B4750005712BF /* DetailViewController.m */ = {isa = PBXFileReference; lastKnownFileType = sourcecode.c.objc; path = DetailViewController.m; sourceTree = "<group>"; };
		33680BD4244B4750005712BF /* Base */ = {isa = PBXFileReference; lastKnownFileType = file.storyboard; name = Base; path = Base.lproj/Main.storyboard; sourceTree = "<group>"; };
		33680BD6244B475A005712BF /* Assets.xcassets */ = {isa = PBXFileReference; lastKnownFileType = folder.assetcatalog; path = Assets.xcassets; sourceTree = "<group>"; };
		33680BD9244B475A005712BF /* Base */ = {isa = PBXFileReference; lastKnownFileType = file.storyboard; name = Base; path = Base.lproj/LaunchScreen.storyboard; sourceTree = "<group>"; };
		33680BDB244B475A005712BF /* Info.plist */ = {isa = PBXFileReference; lastKnownFileType = text.plist.xml; path = Info.plist; sourceTree = "<group>"; };
		33680BDC244B475A005712BF /* main.m */ = {isa = PBXFileReference; lastKnownFileType = sourcecode.c.objc; path = main.m; sourceTree = "<group>"; };
		33680BE6244BA861005712BF /* School.m */ = {isa = PBXFileReference; lastKnownFileType = sourcecode.c.objc; path = School.m; sourceTree = "<group>"; };
		33680BE8244BA874005712BF /* School.h */ = {isa = PBXFileReference; lastKnownFileType = sourcecode.c.h; path = School.h; sourceTree = "<group>"; };
/* End PBXFileReference section */

/* Begin PBXFrameworksBuildPhase section */
		33680BC1244B4750005712BF /* Frameworks */ = {
			isa = PBXFrameworksBuildPhase;
			buildActionMask = 2147483647;
			files = (
			);
			runOnlyForDeploymentPostprocessing = 0;
		};
/* End PBXFrameworksBuildPhase section */

/* Begin PBXGroup section */
		33680BBB244B4750005712BF = {
			isa = PBXGroup;
			children = (
				33680BC6244B4750005712BF /* NYCSchools */,
				33680BC5244B4750005712BF /* Products */,
			);
			sourceTree = "<group>";
		};
		33680BC5244B4750005712BF /* Products */ = {
			isa = PBXGroup;
			children = (
				33680BC4244B4750005712BF /* NYCSchools.app */,
			);
			name = Products;
			sourceTree = "<group>";
		};
		33680BC6244B4750005712BF /* NYCSchools */ = {
			isa = PBXGroup;
			children = (
				33680BE3244BA809005712BF /* Model */,
				33680BE4244BA810005712BF /* View */,
				33680BE5244BA817005712BF /* Controller */,
				33680BE8244BA874005712BF /* School.h */,
				33680BE6244BA861005712BF /* School.m */,
				33680BCD244B4750005712BF /* MasterViewController.h */,
				33680BCE244B4750005712BF /* MasterViewController.m */,
				33680BD0244B4750005712BF /* DetailViewController.h */,
				33680BD1244B4750005712BF /* DetailViewController.m */,
				33680BD3244B4750005712BF /* Main.storyboard */,
				33680BC7244B4750005712BF /* AppDelegate.h */,
				33680BC8244B4750005712BF /* AppDelegate.m */,
				33680BCA244B4750005712BF /* SceneDelegate.h */,
				33680BCB244B4750005712BF /* SceneDelegate.m */,
				33680BD6244B475A005712BF /* Assets.xcassets */,
				33680BD8244B475A005712BF /* LaunchScreen.storyboard */,
				33680BDB244B475A005712BF /* Info.plist */,
				33680BDC244B475A005712BF /* main.m */,
			);
			path = NYCSchools;
			sourceTree = "<group>";
		};
		33680BE3244BA809005712BF /* Model */ = {
			isa = PBXGroup;
			children = (
			);
			path = Model;
			sourceTree = "<group>";
		};
		33680BE4244BA810005712BF /* View */ = {
			isa = PBXGroup;
			children = (
			);
			path = View;
			sourceTree = "<group>";
		};
		33680BE5244BA817005712BF /* Controller */ = {
			isa = PBXGroup;
			children = (
			);
			path = Controller;
			sourceTree = "<group>";
		};
/* End PBXGroup section */

/* Begin PBXNativeTarget section */
		33680BC3244B4750005712BF /* NYCSchools */ = {
			isa = PBXNativeTarget;
			buildConfigurationList = 33680BE0244B475A005712BF /* Build configuration list for PBXNativeTarget "NYCSchools" */;
			buildPhases = (
				33680BC0244B4750005712BF /* Sources */,
				33680BC1244B4750005712BF /* Frameworks */,
				33680BC2244B4750005712BF /* Resources */,
			);
			buildRules = (
			);
			dependencies = (
			);
			name = NYCSchools;
			productName = NYCSchools;
			productReference = 33680BC4244B4750005712BF /* NYCSchools.app */;
			productType = "com.apple.product-type.application";
		};
/* End PBXNativeTarget section */

/* Begin PBXProject section */
		33680BBC244B4750005712BF /* Project object */ = {
			isa = PBXProject;
			attributes = {
				LastUpgradeCheck = 1140;
				ORGANIZATIONNAME = "Rodrigo Buendia Ramos";
				TargetAttributes = {
					33680BC3244B4750005712BF = {
						CreatedOnToolsVersion = 11.4.1;
					};
				};
			};
			buildConfigurationList = 33680BBF244B4750005712BF /* Build configuration list for PBXProject "NYCSchools" */;
			compatibilityVersion = "Xcode 9.3";
			developmentRegion = en;
			hasScannedForEncodings = 0;
			knownRegions = (
				en,
				Base,
			);
			mainGroup = 33680BBB244B4750005712BF;
			productRefGroup = 33680BC5244B4750005712BF /* Products */;
			projectDirPath = "";
			projectRoot = "";
			targets = (
				33680BC3244B4750005712BF /* NYCSchools */,
			);
		};
/* End PBXProject section */

/* Begin PBXResourcesBuildPhase section */
		33680BC2244B4750005712BF /* Resources */ = {
			isa = PBXResourcesBuildPhase;
			buildActionMask = 2147483647;
			files = (
				33680BDA244B475A005712BF /* LaunchScreen.storyboard in Resources */,
				33680BD7244B475A005712BF /* Assets.xcassets in Resources */,
				33680BD5244B4750005712BF /* Main.storyboard in Resources */,
			);
			runOnlyForDeploymentPostprocessing = 0;
		};
/* End PBXResourcesBuildPhase section */

/* Begin PBXSourcesBuildPhase section */
		33680BC0244B4750005712BF /* Sources */ = {
			isa = PBXSourcesBuildPhase;
			buildActionMask = 2147483647;
			files = (
				33680BDD244B475A005712BF /* main.m in Sources */,
				33680BC9244B4750005712BF /* AppDelegate.m in Sources */,
				33680BCF244B4750005712BF /* MasterViewController.m in Sources */,
				33680BCC244B4750005712BF /* SceneDelegate.m in Sources */,
				33680BD2244B4750005712BF /* DetailViewController.m in Sources */,
				33680BE7244BA861005712BF /* School.m in Sources */,
			);
			runOnlyForDeploymentPostprocessing = 0;
		};
/* End PBXSourcesBuildPhase section */

/* Begin PBXVariantGroup section */
		33680BD3244B4750005712BF /* Main.storyboard */ = {
			isa = PBXVariantGroup;
			children = (
				33680BD4244B4750005712BF /* Base */,
			);
			name = Main.storyboard;
			sourceTree = "<group>";
		};
		33680BD8244B475A005712BF /* LaunchScreen.storyboard */ = {
			isa = PBXVariantGroup;
			children = (
				33680BD9244B475A005712BF /* Base */,
			);
			name = LaunchScreen.storyboard;
			sourceTree = "<group>";
		};
/* End PBXVariantGroup section */

/* Begin XCBuildConfiguration section */
		33680BDE244B475A005712BF /* Debug */ = {
			isa = XCBuildConfiguration;
			buildSettings = {
				ALWAYS_SEARCH_USER_PATHS = NO;
				CLANG_ANALYZER_NONNULL = YES;
				CLANG_ANALYZER_NUMBER_OBJECT_CONVERSION = YES_AGGRESSIVE;
				CLANG_CXX_LANGUAGE_STANDARD = "gnu++14";
				CLANG_CXX_LIBRARY = "libc++";
				CLANG_ENABLE_MODULES = YES;
				CLANG_ENABLE_OBJC_ARC = YES;
				CLANG_ENABLE_OBJC_WEAK = YES;
				CLANG_WARN_BLOCK_CAPTURE_AUTORELEASING = YES;
				CLANG_WARN_BOOL_CONVERSION = YES;
				CLANG_WARN_COMMA = YES;
				CLANG_WARN_CONSTANT_CONVERSION = YES;
				CLANG_WARN_DEPRECATED_OBJC_IMPLEMENTATIONS = YES;
				CLANG_WARN_DIRECT_OBJC_ISA_USAGE = YES_ERROR;
				CLANG_WARN_DOCUMENTATION_COMMENTS = YES;
				CLANG_WARN_EMPTY_BODY = YES;
				CLANG_WARN_ENUM_CONVERSION = YES;
				CLANG_WARN_INFINITE_RECURSION = YES;
				CLANG_WARN_INT_CONVERSION = YES;
				CLANG_WARN_NON_LITERAL_NULL_CONVERSION = YES;
				CLANG_WARN_OBJC_IMPLICIT_RETAIN_SELF = YES;
				CLANG_WARN_OBJC_LITERAL_CONVERSION = YES;
				CLANG_WARN_OBJC_ROOT_CLASS = YES_ERROR;
				CLANG_WARN_RANGE_LOOP_ANALYSIS = YES;
				CLANG_WARN_STRICT_PROTOTYPES = YES;
				CLANG_WARN_SUSPICIOUS_MOVE = YES;
				CLANG_WARN_UNGUARDED_AVAILABILITY = YES_AGGRESSIVE;
				CLANG_WARN_UNREACHABLE_CODE = YES;
				CLANG_WARN__DUPLICATE_METHOD_MATCH = YES;
				COPY_PHASE_STRIP = NO;
				DEBUG_INFORMATION_FORMAT = dwarf;
				ENABLE_STRICT_OBJC_MSGSEND = YES;
				ENABLE_TESTABILITY = YES;
				GCC_C_LANGUAGE_STANDARD = gnu11;
				GCC_DYNAMIC_NO_PIC = NO;
				GCC_NO_COMMON_BLOCKS = YES;
				GCC_OPTIMIZATION_LEVEL = 0;
				GCC_PREPROCESSOR_DEFINITIONS = (
					"DEBUG=1",
					"$(inherited)",
				);
				GCC_WARN_64_TO_32_BIT_CONVERSION = YES;
				GCC_WARN_ABOUT_RETURN_TYPE = YES_ERROR;
				GCC_WARN_UNDECLARED_SELECTOR = YES;
				GCC_WARN_UNINITIALIZED_AUTOS = YES_AGGRESSIVE;
				GCC_WARN_UNUSED_FUNCTION = YES;
				GCC_WARN_UNUSED_VARIABLE = YES;
				IPHONEOS_DEPLOYMENT_TARGET = 13.4;
				MTL_ENABLE_DEBUG_INFO = INCLUDE_SOURCE;
				MTL_FAST_MATH = YES;
				ONLY_ACTIVE_ARCH = YES;
				SDKROOT = iphoneos;
			};
			name = Debug;
		};
		33680BDF244B475A005712BF /* Release */ = {
			isa = XCBuildConfiguration;
			buildSettings = {
				ALWAYS_SEARCH_USER_PATHS = NO;
				CLANG_ANALYZER_NONNULL = YES;
				CLANG_ANALYZER_NUMBER_OBJECT_CONVERSION = YES_AGGRESSIVE;
				CLANG_CXX_LANGUAGE_STANDARD = "gnu++14";
				CLANG_CXX_LIBRARY = "libc++";
				CLANG_ENABLE_MODULES = YES;
				CLANG_ENABLE_OBJC_ARC = YES;
				CLANG_ENABLE_OBJC_WEAK = YES;
				CLANG_WARN_BLOCK_CAPTURE_AUTORELEASING = YES;
				CLANG_WARN_BOOL_CONVERSION = YES;
				CLANG_WARN_COMMA = YES;
				CLANG_WARN_CONSTANT_CONVERSION = YES;
				CLANG_WARN_DEPRECATED_OBJC_IMPLEMENTATIONS = YES;
				CLANG_WARN_DIRECT_OBJC_ISA_USAGE = YES_ERROR;
				CLANG_WARN_DOCUMENTATION_COMMENTS = YES;
				CLANG_WARN_EMPTY_BODY = YES;
				CLANG_WARN_ENUM_CONVERSION = YES;
				CLANG_WARN_INFINITE_RECURSION = YES;
				CLANG_WARN_INT_CONVERSION = YES;
				CLANG_WARN_NON_LITERAL_NULL_CONVERSION = YES;
				CLANG_WARN_OBJC_IMPLICIT_RETAIN_SELF = YES;
				CLANG_WARN_OBJC_LITERAL_CONVERSION = YES;
				CLANG_WARN_OBJC_ROOT_CLASS = YES_ERROR;
				CLANG_WARN_RANGE_LOOP_ANALYSIS = YES;
				CLANG_WARN_STRICT_PROTOTYPES = YES;
				CLANG_WARN_SUSPICIOUS_MOVE = YES;
				CLANG_WARN_UNGUARDED_AVAILABILITY = YES_AGGRESSIVE;
				CLANG_WARN_UNREACHABLE_CODE = YES;
				CLANG_WARN__DUPLICATE_METHOD_MATCH = YES;
				COPY_PHASE_STRIP = NO;
				DEBUG_INFORMATION_FORMAT = "dwarf-with-dsym";
				ENABLE_NS_ASSERTIONS = NO;
				ENABLE_STRICT_OBJC_MSGSEND = YES;
				GCC_C_LANGUAGE_STANDARD = gnu11;
				GCC_NO_COMMON_BLOCKS = YES;
				GCC_WARN_64_TO_32_BIT_CONVERSION = YES;
				GCC_WARN_ABOUT_RETURN_TYPE = YES_ERROR;
				GCC_WARN_UNDECLARED_SELECTOR = YES;
				GCC_WARN_UNINITIALIZED_AUTOS = YES_AGGRESSIVE;
				GCC_WARN_UNUSED_FUNCTION = YES;
				GCC_WARN_UNUSED_VARIABLE = YES;
				IPHONEOS_DEPLOYMENT_TARGET = 13.4;
				MTL_ENABLE_DEBUG_INFO = NO;
				MTL_FAST_MATH = YES;
				SDKROOT = iphoneos;
				VALIDATE_PRODUCT = YES;
			};
			name = Release;
		};
		33680BE1244B475A005712BF /* Debug */ = {
			isa = XCBuildConfiguration;
			buildSettings = {
				ASSETCATALOG_COMPILER_APPICON_NAME = AppIcon;
				CODE_SIGN_STYLE = Automatic;
				DEVELOPMENT_TEAM = 66NQL9BXQP;
				INFOPLIST_FILE = NYCSchools/Info.plist;
				LD_RUNPATH_SEARCH_PATHS = (
					"$(inherited)",
					"@executable_path/Frameworks",
				);
				PRODUCT_BUNDLE_IDENTIFIER = com.rodrigobuendia.NYCSchools;
				PRODUCT_NAME = "$(TARGET_NAME)";
				TARGETED_DEVICE_FAMILY = "1,2";
			};
			name = Debug;
		};
		33680BE2244B475A005712BF /* Release */ = {
			isa = XCBuildConfiguration;
			buildSettings = {
				ASSETCATALOG_COMPILER_APPICON_NAME = AppIcon;
				CODE_SIGN_STYLE = Automatic;
				DEVELOPMENT_TEAM = 66NQL9BXQP;
				INFOPLIST_FILE = NYCSchools/Info.plist;
				LD_RUNPATH_SEARCH_PATHS = (
					"$(inherited)",
					"@executable_path/Frameworks",
				);
				PRODUCT_BUNDLE_IDENTIFIER = com.rodrigobuendia.NYCSchools;
				PRODUCT_NAME = "$(TARGET_NAME)";
				TARGETED_DEVICE_FAMILY = "1,2";
			};
			name = Release;
		};
/* End XCBuildConfiguration section */

/* Begin XCConfigurationList section */
		33680BBF244B4750005712BF /* Build configuration list for PBXProject "NYCSchools" */ = {
			isa = XCConfigurationList;
			buildConfigurations = (
				33680BDE244B475A005712BF /* Debug */,
				33680BDF244B475A005712BF /* Release */,
			);
			defaultConfigurationIsVisible = 0;
			defaultConfigurationName = Release;
		};
		33680BE0244B475A005712BF /* Build configuration list for PBXNativeTarget "NYCSchools" */ = {
			isa = XCConfigurationList;
			buildConfigurations = (
				33680BE1244B475A005712BF /* Debug */,
				33680BE2244B475A005712BF /* Release */,
			);
			defaultConfigurationIsVisible = 0;
			defaultConfigurationName = Release;
		};
/* End XCConfigurationList section */
	};
	rootObject = 33680BBC244B4750005712BF /* Project object */;
}
